
Microsoft Visual Studio Solution File, Format Version 12.00
# Visual Studio Version 17
VisualStudioVersion = 17.9.34714.143
MinimumVisualStudioVersion = 10.0.40219.1
Project("{9A19103F-16F7-4668-BE54-9A1E7A4F7556}") = "CrazyQuiz", "CrazyQuiz\CrazyQuiz.csproj", "{458E81ED-2F07-48DF-859E-12172DF48A76}"
EndProject
Global
	GlobalSection(SolutionConfigurationPlatforms) = preSolution
		Debug|Any CPU = Debug|Any CPU
		Release|Any CPU = Release|Any CPU
	EndGlobalSection
	GlobalSection(ProjectConfigurationPlatforms) = postSolution
		{458E81ED-2F07-48DF-859E-12172DF48A76}.Debug|Any CPU.ActiveCfg = Debug|Any CPU
		{458E81ED-2F07-48DF-859E-12172DF48A76}.Debug|Any CPU.Build.0 = Debug|Any CPU
		{458E81ED-2F07-48DF-859E-12172DF48A76}.Release|Any CPU.ActiveCfg = Release|Any CPU
		{458E81ED-2F07-48DF-859E-12172DF48A76}.Release|Any CPU.Build.0 = Release|Any CPU
	EndGlobalSection
	GlobalSection(SolutionProperties) = preSolution
		HideSolutionNode = FALSE
	EndGlobalSection
	GlobalSection(ExtensibilityGlobals) = postSolution
		SolutionGuid = {F4AB0D82-9772-4CAF-A05B-486E993B8CFF}
	EndGlobalSection
EndGlobal
